
Microsoft Visual Studio Solution File, Format Version 12.00
# Visual Studio Version 16
VisualStudioVersion = 16.0.30711.63
MinimumVisualStudioVersion = 10.0.40219.1
Project("{9A19103F-16F7-4668-BE54-9A1E7A4F7556}") = "Virtuplex.SampleCalculator", "Virtuplex.SampleCalculator\Virtuplex.SampleCalculator.csproj", "{A062E351-B20F-4778-BED6-242C1AE4814F}"
EndProject
Project("{FAE04EC0-301F-11D3-BF4B-00C04F79EFBC}") = "Virtuplex.SampleCalculator.Tests", "Virtuplex.SampleCalculator.Tests\Virtuplex.SampleCalculator.Tests.csproj", "{D6A97330-1F59-4964-A225-50FBCA9FEC23}"
EndProject
Global
	GlobalSection(SolutionConfigurationPlatforms) = preSolution
		Debug|Any CPU = Debug|Any CPU
		Release|Any CPU = Release|Any CPU
	EndGlobalSection
	GlobalSection(ProjectConfigurationPlatforms) = postSolution
		{A062E351-B20F-4778-BED6-242C1AE4814F}.Debug|Any CPU.ActiveCfg = Debug|Any CPU
		{A062E351-B20F-4778-BED6-242C1AE4814F}.Debug|Any CPU.Build.0 = Debug|Any CPU
		{A062E351-B20F-4778-BED6-242C1AE4814F}.Release|Any CPU.ActiveCfg = Release|Any CPU
		{A062E351-B20F-4778-BED6-242C1AE4814F}.Release|Any CPU.Build.0 = Release|Any CPU
		{D6A97330-1F59-4964-A225-50FBCA9FEC23}.Debug|Any CPU.ActiveCfg = Debug|Any CPU
		{D6A97330-1F59-4964-A225-50FBCA9FEC23}.Debug|Any CPU.Build.0 = Debug|Any CPU
		{D6A97330-1F59-4964-A225-50FBCA9FEC23}.Release|Any CPU.ActiveCfg = Release|Any CPU
		{D6A97330-1F59-4964-A225-50FBCA9FEC23}.Release|Any CPU.Build.0 = Release|Any CPU
	EndGlobalSection
	GlobalSection(SolutionProperties) = preSolution
		HideSolutionNode = FALSE
	EndGlobalSection
	GlobalSection(ExtensibilityGlobals) = postSolution
		SolutionGuid = {C8B9D7CE-7DA9-4591-8064-F43A2ED9A199}
	EndGlobalSection
EndGlobal
